# This file is automatically @generated by Cargo.
# It is not intended for manual editing.
version = 4

[[package]]
name = "entropy-sparrow"
version = "0.1.0"
dependencies = [
 "espa-bitops",
 "espa-codecs",
]

[[package]]
name = "espa-bitops"
version = "0.1.0"

[[package]]
name = "espa-codecs"
version = "0.1.0"
